
Microsoft Visual Studio Solution File, Format Version 12.00
# Visual Studio Version 16
VisualStudioVersion = 16.0.31005.135
MinimumVisualStudioVersion = 10.0.40219.1
Project("{9A19103F-16F7-4668-BE54-9A1E7A4F7556}") = "StockPricesTest", "StockPricesTest.csproj", "{99AFC7A7-34FA-4936-B5C9-06BD23204591}"
EndProject
Project("{FAE04EC0-301F-11D3-BF4B-00C04F79EFBC}") = "StockPrices", "..\StockPrices\StockPrices.csproj", "{F4CDC58E-45D1-4281-8763-58440BECA93A}"
EndProject
Global
	GlobalSection(SolutionConfigurationPlatforms) = preSolution
		Debug|Any CPU = Debug|Any CPU
		Release|Any CPU = Release|Any CPU
	EndGlobalSection
	GlobalSection(ProjectConfigurationPlatforms) = postSolution
		{99AFC7A7-34FA-4936-B5C9-06BD23204591}.Debug|Any CPU.ActiveCfg = Debug|Any CPU
		{99AFC7A7-34FA-4936-B5C9-06BD23204591}.Debug|Any CPU.Build.0 = Debug|Any CPU
		{99AFC7A7-34FA-4936-B5C9-06BD23204591}.Release|Any CPU.ActiveCfg = Release|Any CPU
		{99AFC7A7-34FA-4936-B5C9-06BD23204591}.Release|Any CPU.Build.0 = Release|Any CPU
		{F4CDC58E-45D1-4281-8763-58440BECA93A}.Debug|Any CPU.ActiveCfg = Debug|Any CPU
		{F4CDC58E-45D1-4281-8763-58440BECA93A}.Debug|Any CPU.Build.0 = Debug|Any CPU
		{F4CDC58E-45D1-4281-8763-58440BECA93A}.Release|Any CPU.ActiveCfg = Release|Any CPU
		{F4CDC58E-45D1-4281-8763-58440BECA93A}.Release|Any CPU.Build.0 = Release|Any CPU
	EndGlobalSection
	GlobalSection(SolutionProperties) = preSolution
		HideSolutionNode = FALSE
	EndGlobalSection
	GlobalSection(ExtensibilityGlobals) = postSolution
		SolutionGuid = {8A76EE6E-8BED-40CF-92FF-3C8FDDBFACAA}
	EndGlobalSection
EndGlobal
